
Microsoft Visual Studio Solution File, Format Version 11.00
# Visual Studio 2010
Project("{8BC9CEB8-8B4A-11D0-8D11-00A0C91BC942}") = "MeterModbus", "MeterModbus.vcxproj", "{0F735355-83D5-42FF-BE80-D30A1A2187DE}"
EndProject
Global
	GlobalSection(SolutionConfigurationPlatforms) = preSolution
		Debug|Win32 = Debug|Win32
		Release|Win32 = Release|Win32
	EndGlobalSection
	GlobalSection(ProjectConfigurationPlatforms) = postSolution
		{0F735355-83D5-42FF-BE80-D30A1A2187DE}.Debug|Win32.ActiveCfg = Debug|Win32
		{0F735355-83D5-42FF-BE80-D30A1A2187DE}.Debug|Win32.Build.0 = Debug|Win32
		{0F735355-83D5-42FF-BE80-D30A1A2187DE}.Release|Win32.ActiveCfg = Release|Win32
		{0F735355-83D5-42FF-BE80-D30A1A2187DE}.Release|Win32.Build.0 = Release|Win32
	EndGlobalSection
	GlobalSection(SolutionProperties) = preSolution
		HideSolutionNode = FALSE
	EndGlobalSection
EndGlobal
